
Microsoft Visual Studio Solution File, Format Version 12.00
# Visual Studio Version 16
VisualStudioVersion = 16.0.32901.82
MinimumVisualStudioVersion = 10.0.40219.1
Project("{FAE04EC0-301F-11D3-BF4B-00C04F79EFBC}") = "LeakDetectorService", "LeakDetectorService\LeakDetectorService.csproj", "{07888D9E-D320-4575-B443-13859D7B77D4}"
EndProject
Project("{FAE04EC0-301F-11D3-BF4B-00C04F79EFBC}") = "LeakDetectorService.Tests", "LeakDetectorService.Tests\LeakDetectorService.Tests.csproj", "{9BA6E1AF-3310-46D2-8048-CDC3927D9D99}"
EndProject
Global
	GlobalSection(SolutionConfigurationPlatforms) = preSolution
		Debug|Any CPU = Debug|Any CPU
		Release|Any CPU = Release|Any CPU
	EndGlobalSection
	GlobalSection(ProjectConfigurationPlatforms) = postSolution
		{07888D9E-D320-4575-B443-13859D7B77D4}.Debug|Any CPU.ActiveCfg = Debug|Any CPU
		{07888D9E-D320-4575-B443-13859D7B77D4}.Debug|Any CPU.Build.0 = Debug|Any CPU
		{07888D9E-D320-4575-B443-13859D7B77D4}.Release|Any CPU.ActiveCfg = Release|Any CPU
		{07888D9E-D320-4575-B443-13859D7B77D4}.Release|Any CPU.Build.0 = Release|Any CPU
		{9BA6E1AF-3310-46D2-8048-CDC3927D9D99}.Debug|Any CPU.ActiveCfg = Debug|Any CPU
		{9BA6E1AF-3310-46D2-8048-CDC3927D9D99}.Debug|Any CPU.Build.0 = Debug|Any CPU
		{9BA6E1AF-3310-46D2-8048-CDC3927D9D99}.Release|Any CPU.ActiveCfg = Release|Any CPU
		{9BA6E1AF-3310-46D2-8048-CDC3927D9D99}.Release|Any CPU.Build.0 = Release|Any CPU
	EndGlobalSection
	GlobalSection(SolutionProperties) = preSolution
		HideSolutionNode = FALSE
	EndGlobalSection
	GlobalSection(ExtensibilityGlobals) = postSolution
		SolutionGuid = {CF17C509-E25A-4A8C-94A4-C3885FA55D03}
	EndGlobalSection
EndGlobal
